
Microsoft Visual Studio Solution File, Format Version 12.00
# Visual Studio Version 17
VisualStudioVersion = 17.0.31903.59
MinimumVisualStudioVersion = 10.0.40219.1
Project("{FAE04EC0-301F-11D3-BF4B-00C04F79EFBC}") = "Together.Api", "Together.Api\Together.Api.csproj", "{AD42E96B-4323-4153-8CDE-72526860A25B}"
EndProject
Project("{FAE04EC0-301F-11D3-BF4B-00C04F79EFBC}") = "Together.Application", "Together.Application\Together.Application.csproj", "{2288E491-D695-40AE-8441-AA5FAD0170CB}"
EndProject
Project("{FAE04EC0-301F-11D3-BF4B-00C04F79EFBC}") = "Together.Contract", "Together.Contract\Together.Contract.csproj", "{7436A082-731F-439A-B9CF-E75CF591A392}"
EndProject
Project("{FAE04EC0-301F-11D3-BF4B-00C04F79EFBC}") = "Together.Domain", "Together.Domain\Together.Domain.csproj", "{D99046FC-59D3-4619-B0FB-73024C61BAE8}"
EndProject
Project("{FAE04EC0-301F-11D3-BF4B-00C04F79EFBC}") = "Together.Infrastructure", "Together.Infrastructure\Together.Infrastructure.csproj", "{567D68D0-68EB-4BFF-88A9-FB8D6B5F13BC}"
EndProject
Global
	GlobalSection(SolutionConfigurationPlatforms) = preSolution
		Debug|Any CPU = Debug|Any CPU
		Release|Any CPU = Release|Any CPU
	EndGlobalSection
	GlobalSection(SolutionProperties) = preSolution
		HideSolutionNode = FALSE
	EndGlobalSection
	GlobalSection(ProjectConfigurationPlatforms) = postSolution
		{AD42E96B-4323-4153-8CDE-72526860A25B}.Debug|Any CPU.ActiveCfg = Debug|Any CPU
		{AD42E96B-4323-4153-8CDE-72526860A25B}.Debug|Any CPU.Build.0 = Debug|Any CPU
		{AD42E96B-4323-4153-8CDE-72526860A25B}.Release|Any CPU.ActiveCfg = Release|Any CPU
		{AD42E96B-4323-4153-8CDE-72526860A25B}.Release|Any CPU.Build.0 = Release|Any CPU
		{2288E491-D695-40AE-8441-AA5FAD0170CB}.Debug|Any CPU.ActiveCfg = Debug|Any CPU
		{2288E491-D695-40AE-8441-AA5FAD0170CB}.Debug|Any CPU.Build.0 = Debug|Any CPU
		{2288E491-D695-40AE-8441-AA5FAD0170CB}.Release|Any CPU.ActiveCfg = Release|Any CPU
		{2288E491-D695-40AE-8441-AA5FAD0170CB}.Release|Any CPU.Build.0 = Release|Any CPU
		{7436A082-731F-439A-B9CF-E75CF591A392}.Debug|Any CPU.ActiveCfg = Debug|Any CPU
		{7436A082-731F-439A-B9CF-E75CF591A392}.Debug|Any CPU.Build.0 = Debug|Any CPU
		{7436A082-731F-439A-B9CF-E75CF591A392}.Release|Any CPU.ActiveCfg = Release|Any CPU
		{7436A082-731F-439A-B9CF-E75CF591A392}.Release|Any CPU.Build.0 = Release|Any CPU
		{D99046FC-59D3-4619-B0FB-73024C61BAE8}.Debug|Any CPU.ActiveCfg = Debug|Any CPU
		{D99046FC-59D3-4619-B0FB-73024C61BAE8}.Debug|Any CPU.Build.0 = Debug|Any CPU
		{D99046FC-59D3-4619-B0FB-73024C61BAE8}.Release|Any CPU.ActiveCfg = Release|Any CPU
		{D99046FC-59D3-4619-B0FB-73024C61BAE8}.Release|Any CPU.Build.0 = Release|Any CPU
		{567D68D0-68EB-4BFF-88A9-FB8D6B5F13BC}.Debug|Any CPU.ActiveCfg = Debug|Any CPU
		{567D68D0-68EB-4BFF-88A9-FB8D6B5F13BC}.Debug|Any CPU.Build.0 = Debug|Any CPU
		{567D68D0-68EB-4BFF-88A9-FB8D6B5F13BC}.Release|Any CPU.ActiveCfg = Release|Any CPU
		{567D68D0-68EB-4BFF-88A9-FB8D6B5F13BC}.Release|Any CPU.Build.0 = Release|Any CPU
	EndGlobalSection
EndGlobal
